
Microsoft Visual Studio Solution File, Format Version 12.00
# Visual Studio 15
VisualStudioVersion = 15.0.28010.2036
MinimumVisualStudioVersion = 10.0.40219.1
Project("{FAE04EC0-301F-11D3-BF4B-00C04F79EFBC}") = "FoodDelivery", "FoodDelivery\FoodDelivery.csproj", "{822A5758-D1E1-45D6-AA23-AEC98C77C102}"
EndProject
Global
	GlobalSection(SolutionConfigurationPlatforms) = preSolution
		Debug|Any CPU = Debug|Any CPU
		Release|Any CPU = Release|Any CPU
	EndGlobalSection
	GlobalSection(ProjectConfigurationPlatforms) = postSolution
		{822A5758-D1E1-45D6-AA23-AEC98C77C102}.Debug|Any CPU.ActiveCfg = Debug|Any CPU
		{822A5758-D1E1-45D6-AA23-AEC98C77C102}.Debug|Any CPU.Build.0 = Debug|Any CPU
		{822A5758-D1E1-45D6-AA23-AEC98C77C102}.Release|Any CPU.ActiveCfg = Release|Any CPU
		{822A5758-D1E1-45D6-AA23-AEC98C77C102}.Release|Any CPU.Build.0 = Release|Any CPU
	EndGlobalSection
	GlobalSection(SolutionProperties) = preSolution
		HideSolutionNode = FALSE
	EndGlobalSection
	GlobalSection(ExtensibilityGlobals) = postSolution
		SolutionGuid = {1ED0BB5C-D972-426E-91E5-B101C0F7EA46}
	EndGlobalSection
EndGlobal
